
Microsoft Visual Studio Solution File, Format Version 12.00
# Visual Studio Version 16
VisualStudioVersion = 16.0.31702.278
MinimumVisualStudioVersion = 10.0.40219.1
Project("{FAE04EC0-301F-11D3-BF4B-00C04F79EFBC}") = "CS480 HW4", "CS480 HW4.csproj", "{DE162BE1-C921-4B6D-83E1-5479661D5D1A}"
EndProject
Global
	GlobalSection(SolutionConfigurationPlatforms) = preSolution
		Debug|Any CPU = Debug|Any CPU
		Release|Any CPU = Release|Any CPU
	EndGlobalSection
	GlobalSection(ProjectConfigurationPlatforms) = postSolution
		{DE162BE1-C921-4B6D-83E1-5479661D5D1A}.Debug|Any CPU.ActiveCfg = Debug|Any CPU
		{DE162BE1-C921-4B6D-83E1-5479661D5D1A}.Debug|Any CPU.Build.0 = Debug|Any CPU
		{DE162BE1-C921-4B6D-83E1-5479661D5D1A}.Release|Any CPU.ActiveCfg = Release|Any CPU
		{DE162BE1-C921-4B6D-83E1-5479661D5D1A}.Release|Any CPU.Build.0 = Release|Any CPU
	EndGlobalSection
	GlobalSection(SolutionProperties) = preSolution
		HideSolutionNode = FALSE
	EndGlobalSection
	GlobalSection(ExtensibilityGlobals) = postSolution
		SolutionGuid = {E810D783-DAF0-4D95-9135-09E53FC90C6E}
	EndGlobalSection
EndGlobal
